
Microsoft Visual Studio Solution File, Format Version 12.00
# Visual Studio Version 17
VisualStudioVersion = 17.3.32811.315
MinimumVisualStudioVersion = 10.0.40219.1
Project("{8BC9CEB8-8B4A-11D0-8D11-00A0C91BC942}") = "CBlock", "CBlock\CBlock.vcxproj", "{1E2A3472-6537-45D5-BADE-61B59D03252D}"
EndProject
Project("{8BC9CEB8-8B4A-11D0-8D11-00A0C91BC942}") = "CBlockUnitTests", "CBlockUnitTests\CBlockUnitTests.vcxproj", "{33D0A6D6-868B-48A6-8FAA-8660AD1D156D}"
EndProject
Global
	GlobalSection(SolutionConfigurationPlatforms) = preSolution
		Debug|x64 = Debug|x64
		Debug|x86 = Debug|x86
		Release|x64 = Release|x64
		Release|x86 = Release|x86
	EndGlobalSection
	GlobalSection(ProjectConfigurationPlatforms) = postSolution
		{1E2A3472-6537-45D5-BADE-61B59D03252D}.Debug|x64.ActiveCfg = Debug|x64
		{1E2A3472-6537-45D5-BADE-61B59D03252D}.Debug|x64.Build.0 = Debug|x64
		{1E2A3472-6537-45D5-BADE-61B59D03252D}.Debug|x86.ActiveCfg = Debug|Win32
		{1E2A3472-6537-45D5-BADE-61B59D03252D}.Debug|x86.Build.0 = Debug|Win32
		{1E2A3472-6537-45D5-BADE-61B59D03252D}.Release|x64.ActiveCfg = Release|x64
		{1E2A3472-6537-45D5-BADE-61B59D03252D}.Release|x64.Build.0 = Release|x64
		{1E2A3472-6537-45D5-BADE-61B59D03252D}.Release|x86.ActiveCfg = Release|Win32
		{1E2A3472-6537-45D5-BADE-61B59D03252D}.Release|x86.Build.0 = Release|Win32
		{33D0A6D6-868B-48A6-8FAA-8660AD1D156D}.Debug|x64.ActiveCfg = Debug|x64
		{33D0A6D6-868B-48A6-8FAA-8660AD1D156D}.Debug|x64.Build.0 = Debug|x64
		{33D0A6D6-868B-48A6-8FAA-8660AD1D156D}.Debug|x86.ActiveCfg = Debug|Win32
		{33D0A6D6-868B-48A6-8FAA-8660AD1D156D}.Debug|x86.Build.0 = Debug|Win32
		{33D0A6D6-868B-48A6-8FAA-8660AD1D156D}.Release|x64.ActiveCfg = Release|x64
		{33D0A6D6-868B-48A6-8FAA-8660AD1D156D}.Release|x64.Build.0 = Release|x64
		{33D0A6D6-868B-48A6-8FAA-8660AD1D156D}.Release|x86.ActiveCfg = Release|Win32
		{33D0A6D6-868B-48A6-8FAA-8660AD1D156D}.Release|x86.Build.0 = Release|Win32
	EndGlobalSection
	GlobalSection(SolutionProperties) = preSolution
		HideSolutionNode = FALSE
	EndGlobalSection
	GlobalSection(ExtensibilityGlobals) = postSolution
		SolutionGuid = {03D418BA-8E73-42DA-ACDD-F0B3C2F085B1}
	EndGlobalSection
EndGlobal
